
Microsoft Visual Studio Solution File, Format Version 12.00
# Visual Studio Version 17
VisualStudioVersion = 17.0.31903.59
MinimumVisualStudioVersion = 10.0.40219.1
Project("{2150E333-8FDC-42A3-9474-1A3956D46DE8}") = "w:", "w:\", "{79293F7D-6995-447D-BEFB-FA85D55E79F2}"
EndProject
Project("{2150E333-8FDC-42A3-9474-1A3956D46DE8}") = "Harsh", "Harsh", "{DC10574B-0809-4969-849D-C44024AADE6E}"
EndProject
Project("{2150E333-8FDC-42A3-9474-1A3956D46DE8}") = "MyProjects", "MyProjects", "{C2F988CA-CBF3-44EB-886F-1540426D1898}"
EndProject
Project("{FAE04EC0-301F-11D3-BF4B-00C04F79EFBC}") = "SimpleFactoryPatternApplication", "w:\Harsh\MyProjects\SimpleFactoryPatternApplication\SimpleFactoryPatternApplication.csproj", "{BF91C303-509E-47BD-8FBC-F30F1238524E}"
EndProject
Global
	GlobalSection(SolutionConfigurationPlatforms) = preSolution
		Debug|Any CPU = Debug|Any CPU
		Release|Any CPU = Release|Any CPU
	EndGlobalSection
	GlobalSection(SolutionProperties) = preSolution
		HideSolutionNode = FALSE
	EndGlobalSection
	GlobalSection(ProjectConfigurationPlatforms) = postSolution
		{BF91C303-509E-47BD-8FBC-F30F1238524E}.Debug|Any CPU.ActiveCfg = Debug|Any CPU
		{BF91C303-509E-47BD-8FBC-F30F1238524E}.Debug|Any CPU.Build.0 = Debug|Any CPU
		{BF91C303-509E-47BD-8FBC-F30F1238524E}.Release|Any CPU.ActiveCfg = Release|Any CPU
		{BF91C303-509E-47BD-8FBC-F30F1238524E}.Release|Any CPU.Build.0 = Release|Any CPU
	EndGlobalSection
	GlobalSection(NestedProjects) = preSolution
		{DC10574B-0809-4969-849D-C44024AADE6E} = {79293F7D-6995-447D-BEFB-FA85D55E79F2}
		{C2F988CA-CBF3-44EB-886F-1540426D1898} = {DC10574B-0809-4969-849D-C44024AADE6E}
		{BF91C303-509E-47BD-8FBC-F30F1238524E} = {C2F988CA-CBF3-44EB-886F-1540426D1898}
	EndGlobalSection
EndGlobal
